
Microsoft Visual Studio Solution File, Format Version 12.00
# Visual Studio Version 17
VisualStudioVersion = 17.0.31903.59
MinimumVisualStudioVersion = 10.0.40219.1
Project("{FAE04EC0-301F-11D3-BF4B-00C04F79EFBC}") = "MiguelGuedelha.ReverseProxy", "MiguelGuedelha.ReverseProxy\MiguelGuedelha.ReverseProxy.csproj", "{1FD3CA04-A35A-4DD9-9394-3FBC5378F110}"
EndProject
Project("{2150E333-8FDC-42A3-9474-1A3956D46DE8}") = "Solution Files", "Solution Files", "{127D5751-7757-4B03-9361-6899AA6CF17B}"
	ProjectSection(SolutionItems) = preProject
		docker-compose.yml = docker-compose.yml
		.github\workflows\deploy.yml = .github\workflows\deploy.yml
	EndProjectSection
EndProject
Global
	GlobalSection(SolutionConfigurationPlatforms) = preSolution
		Debug|Any CPU = Debug|Any CPU
		Release|Any CPU = Release|Any CPU
	EndGlobalSection
	GlobalSection(SolutionProperties) = preSolution
		HideSolutionNode = FALSE
	EndGlobalSection
	GlobalSection(ProjectConfigurationPlatforms) = postSolution
		{1FD3CA04-A35A-4DD9-9394-3FBC5378F110}.Debug|Any CPU.ActiveCfg = Debug|Any CPU
		{1FD3CA04-A35A-4DD9-9394-3FBC5378F110}.Debug|Any CPU.Build.0 = Debug|Any CPU
		{1FD3CA04-A35A-4DD9-9394-3FBC5378F110}.Release|Any CPU.ActiveCfg = Release|Any CPU
		{1FD3CA04-A35A-4DD9-9394-3FBC5378F110}.Release|Any CPU.Build.0 = Release|Any CPU
	EndGlobalSection
EndGlobal
